
Microsoft Visual Studio Solution File, Format Version 12.00
# Visual Studio Version 16
VisualStudioVersion = 16.0.31321.278
MinimumVisualStudioVersion = 10.0.40219.1
Project("{9A19103F-16F7-4668-BE54-9A1E7A4F7556}") = "Exercise1", "Exercise1\Exercise1.csproj", "{9D7C7187-9D65-43BF-8A9B-B021B617986C}"
EndProject
Project("{9A19103F-16F7-4668-BE54-9A1E7A4F7556}") = "Exercise2", "Exercise2\Exercise2.csproj", "{63ED1EA2-6949-4DE3-816C-EA2ED9665DFE}"
EndProject
Project("{9A19103F-16F7-4668-BE54-9A1E7A4F7556}") = "Exercise3", "Exercise3\Exercise3.csproj", "{F4F28851-597F-4F7E-A444-D974D72F417E}"
EndProject
Project("{FAE04EC0-301F-11D3-BF4B-00C04F79EFBC}") = "Exercise4", "Exercise4\Exercise4.csproj", "{602F8CCE-7862-4D90-8475-FDC977A01F2A}"
EndProject
Project("{FAE04EC0-301F-11D3-BF4B-00C04F79EFBC}") = "Exercise5", "Exercise5\Exercise5.csproj", "{B7EB7DD0-A13E-4193-AFD9-03ACF1200C2D}"
EndProject
Global
	GlobalSection(SolutionConfigurationPlatforms) = preSolution
		Debug|Any CPU = Debug|Any CPU
		Release|Any CPU = Release|Any CPU
	EndGlobalSection
	GlobalSection(ProjectConfigurationPlatforms) = postSolution
		{9D7C7187-9D65-43BF-8A9B-B021B617986C}.Debug|Any CPU.ActiveCfg = Debug|Any CPU
		{9D7C7187-9D65-43BF-8A9B-B021B617986C}.Debug|Any CPU.Build.0 = Debug|Any CPU
		{9D7C7187-9D65-43BF-8A9B-B021B617986C}.Release|Any CPU.ActiveCfg = Release|Any CPU
		{9D7C7187-9D65-43BF-8A9B-B021B617986C}.Release|Any CPU.Build.0 = Release|Any CPU
		{63ED1EA2-6949-4DE3-816C-EA2ED9665DFE}.Debug|Any CPU.ActiveCfg = Debug|Any CPU
		{63ED1EA2-6949-4DE3-816C-EA2ED9665DFE}.Debug|Any CPU.Build.0 = Debug|Any CPU
		{63ED1EA2-6949-4DE3-816C-EA2ED9665DFE}.Release|Any CPU.ActiveCfg = Release|Any CPU
		{63ED1EA2-6949-4DE3-816C-EA2ED9665DFE}.Release|Any CPU.Build.0 = Release|Any CPU
		{F4F28851-597F-4F7E-A444-D974D72F417E}.Debug|Any CPU.ActiveCfg = Debug|Any CPU
		{F4F28851-597F-4F7E-A444-D974D72F417E}.Debug|Any CPU.Build.0 = Debug|Any CPU
		{F4F28851-597F-4F7E-A444-D974D72F417E}.Release|Any CPU.ActiveCfg = Release|Any CPU
		{F4F28851-597F-4F7E-A444-D974D72F417E}.Release|Any CPU.Build.0 = Release|Any CPU
		{602F8CCE-7862-4D90-8475-FDC977A01F2A}.Debug|Any CPU.ActiveCfg = Debug|Any CPU
		{602F8CCE-7862-4D90-8475-FDC977A01F2A}.Debug|Any CPU.Build.0 = Debug|Any CPU
		{602F8CCE-7862-4D90-8475-FDC977A01F2A}.Release|Any CPU.ActiveCfg = Release|Any CPU
		{602F8CCE-7862-4D90-8475-FDC977A01F2A}.Release|Any CPU.Build.0 = Release|Any CPU
		{B7EB7DD0-A13E-4193-AFD9-03ACF1200C2D}.Debug|Any CPU.ActiveCfg = Debug|Any CPU
		{B7EB7DD0-A13E-4193-AFD9-03ACF1200C2D}.Debug|Any CPU.Build.0 = Debug|Any CPU
		{B7EB7DD0-A13E-4193-AFD9-03ACF1200C2D}.Release|Any CPU.ActiveCfg = Release|Any CPU
		{B7EB7DD0-A13E-4193-AFD9-03ACF1200C2D}.Release|Any CPU.Build.0 = Release|Any CPU
	EndGlobalSection
	GlobalSection(SolutionProperties) = preSolution
		HideSolutionNode = FALSE
	EndGlobalSection
	GlobalSection(ExtensibilityGlobals) = postSolution
		SolutionGuid = {38407022-701B-4B6C-9B8C-BBC181F8F69B}
	EndGlobalSection
EndGlobal
